
Microsoft Visual Studio Solution File, Format Version 12.00
# Visual Studio Version 17
VisualStudioVersion = 17.0.31903.59
MinimumVisualStudioVersion = 10.0.40219.1
Project("{9A19103F-16F7-4668-BE54-9A1E7A4F7556}") = "PLC_Reader", "PLC_Reader.csproj", "{153DCFBB-03E8-45D1-9701-39E355FB2862}"
EndProject
Global
	GlobalSection(SolutionConfigurationPlatforms) = preSolution
		Debug|Any CPU = Debug|Any CPU
		Release|Any CPU = Release|Any CPU
	EndGlobalSection
	GlobalSection(ProjectConfigurationPlatforms) = postSolution
		{153DCFBB-03E8-45D1-9701-39E355FB2862}.Debug|Any CPU.ActiveCfg = Debug|Any CPU
		{153DCFBB-03E8-45D1-9701-39E355FB2862}.Debug|Any CPU.Build.0 = Debug|Any CPU
		{153DCFBB-03E8-45D1-9701-39E355FB2862}.Release|Any CPU.ActiveCfg = Release|Any CPU
		{153DCFBB-03E8-45D1-9701-39E355FB2862}.Release|Any CPU.Build.0 = Release|Any CPU
	EndGlobalSection
	GlobalSection(SolutionProperties) = preSolution
		HideSolutionNode = FALSE
	EndGlobalSection
	GlobalSection(ExtensibilityGlobals) = postSolution
		SolutionGuid = {5287B85F-6975-4A47-8D1C-8581817AC0F0}
	EndGlobalSection
EndGlobal
